
Microsoft Visual Studio Solution File, Format Version 12.00
# Visual Studio Version 17
VisualStudioVersion = 17.2.32630.192
MinimumVisualStudioVersion = 10.0.40219.1
Project("{9A19103F-16F7-4668-BE54-9A1E7A4F7556}") = "Sokoban.Engine", "Sokoban.Engine\Sokoban.Engine.csproj", "{EA0CB313-2FB1-4FF4-AECE-212BD2DE75D3}"
EndProject
Project("{9A19103F-16F7-4668-BE54-9A1E7A4F7556}") = "Sokoban.Service", "Sokoban.Service\Sokoban.Service.csproj", "{6D94DD2F-A4C8-40B5-B0F0-822836C1A6E7}"
EndProject
Project("{9A19103F-16F7-4668-BE54-9A1E7A4F7556}") = "Sokoban.Monogame.Android", "Sokoban.Monogame.Android\Sokoban.Monogame.Android.csproj", "{E7E730F8-AD34-4163-8B3C-3122BAA3A8BB}"
EndProject
Global
	GlobalSection(SolutionConfigurationPlatforms) = preSolution
		Debug|Any CPU = Debug|Any CPU
		Release|Any CPU = Release|Any CPU
	EndGlobalSection
	GlobalSection(ProjectConfigurationPlatforms) = postSolution
		{EA0CB313-2FB1-4FF4-AECE-212BD2DE75D3}.Debug|Any CPU.ActiveCfg = Debug|Any CPU
		{EA0CB313-2FB1-4FF4-AECE-212BD2DE75D3}.Debug|Any CPU.Build.0 = Debug|Any CPU
		{EA0CB313-2FB1-4FF4-AECE-212BD2DE75D3}.Release|Any CPU.ActiveCfg = Release|Any CPU
		{EA0CB313-2FB1-4FF4-AECE-212BD2DE75D3}.Release|Any CPU.Build.0 = Release|Any CPU
		{6D94DD2F-A4C8-40B5-B0F0-822836C1A6E7}.Debug|Any CPU.ActiveCfg = Debug|Any CPU
		{6D94DD2F-A4C8-40B5-B0F0-822836C1A6E7}.Debug|Any CPU.Build.0 = Debug|Any CPU
		{6D94DD2F-A4C8-40B5-B0F0-822836C1A6E7}.Release|Any CPU.ActiveCfg = Release|Any CPU
		{6D94DD2F-A4C8-40B5-B0F0-822836C1A6E7}.Release|Any CPU.Build.0 = Release|Any CPU
		{E7E730F8-AD34-4163-8B3C-3122BAA3A8BB}.Debug|Any CPU.ActiveCfg = Debug|Any CPU
		{E7E730F8-AD34-4163-8B3C-3122BAA3A8BB}.Debug|Any CPU.Build.0 = Debug|Any CPU
		{E7E730F8-AD34-4163-8B3C-3122BAA3A8BB}.Debug|Any CPU.Deploy.0 = Debug|Any CPU
		{E7E730F8-AD34-4163-8B3C-3122BAA3A8BB}.Release|Any CPU.ActiveCfg = Release|Any CPU
		{E7E730F8-AD34-4163-8B3C-3122BAA3A8BB}.Release|Any CPU.Build.0 = Release|Any CPU
	EndGlobalSection
	GlobalSection(SolutionProperties) = preSolution
		HideSolutionNode = FALSE
	EndGlobalSection
	GlobalSection(ExtensibilityGlobals) = postSolution
		SolutionGuid = {AA260D69-5632-49D1-B309-DA653EAAE1A7}
	EndGlobalSection
EndGlobal
